
Microsoft Visual Studio Solution File, Format Version 12.00
# Visual Studio Version 16
VisualStudioVersion = 16.0.30114.105
MinimumVisualStudioVersion = 10.0.40219.1
Project("{FAE04EC0-301F-11D3-BF4B-00C04F79EFBC}") = "csbcgf", "csbcgf\csbcgf.csproj", "{8FCA4241-85E5-4337-9BDB-67C2A0A9F3F2}"
EndProject
Project("{FAE04EC0-301F-11D3-BF4B-00C04F79EFBC}") = "csbcgfdemo", "csbcgfdemo\csbcgfdemo.csproj", "{532C80AF-BD99-4AC4-B63B-6E94A7B26FCF}"
EndProject
Global
	GlobalSection(SolutionConfigurationPlatforms) = preSolution
		Debug|Any CPU = Debug|Any CPU
		Debug|x64 = Debug|x64
		Debug|x86 = Debug|x86
		Release|Any CPU = Release|Any CPU
		Release|x64 = Release|x64
		Release|x86 = Release|x86
	EndGlobalSection
	GlobalSection(SolutionProperties) = preSolution
		HideSolutionNode = FALSE
	EndGlobalSection
	GlobalSection(ProjectConfigurationPlatforms) = postSolution
		{8FCA4241-85E5-4337-9BDB-67C2A0A9F3F2}.Debug|Any CPU.ActiveCfg = Debug|Any CPU
		{8FCA4241-85E5-4337-9BDB-67C2A0A9F3F2}.Debug|Any CPU.Build.0 = Debug|Any CPU
		{8FCA4241-85E5-4337-9BDB-67C2A0A9F3F2}.Debug|x64.ActiveCfg = Debug|Any CPU
		{8FCA4241-85E5-4337-9BDB-67C2A0A9F3F2}.Debug|x64.Build.0 = Debug|Any CPU
		{8FCA4241-85E5-4337-9BDB-67C2A0A9F3F2}.Debug|x86.ActiveCfg = Debug|Any CPU
		{8FCA4241-85E5-4337-9BDB-67C2A0A9F3F2}.Debug|x86.Build.0 = Debug|Any CPU
		{8FCA4241-85E5-4337-9BDB-67C2A0A9F3F2}.Release|Any CPU.ActiveCfg = Release|Any CPU
		{8FCA4241-85E5-4337-9BDB-67C2A0A9F3F2}.Release|Any CPU.Build.0 = Release|Any CPU
		{8FCA4241-85E5-4337-9BDB-67C2A0A9F3F2}.Release|x64.ActiveCfg = Release|Any CPU
		{8FCA4241-85E5-4337-9BDB-67C2A0A9F3F2}.Release|x64.Build.0 = Release|Any CPU
		{8FCA4241-85E5-4337-9BDB-67C2A0A9F3F2}.Release|x86.ActiveCfg = Release|Any CPU
		{8FCA4241-85E5-4337-9BDB-67C2A0A9F3F2}.Release|x86.Build.0 = Release|Any CPU
		{532C80AF-BD99-4AC4-B63B-6E94A7B26FCF}.Debug|Any CPU.ActiveCfg = Debug|Any CPU
		{532C80AF-BD99-4AC4-B63B-6E94A7B26FCF}.Debug|Any CPU.Build.0 = Debug|Any CPU
		{532C80AF-BD99-4AC4-B63B-6E94A7B26FCF}.Debug|x64.ActiveCfg = Debug|Any CPU
		{532C80AF-BD99-4AC4-B63B-6E94A7B26FCF}.Debug|x64.Build.0 = Debug|Any CPU
		{532C80AF-BD99-4AC4-B63B-6E94A7B26FCF}.Debug|x86.ActiveCfg = Debug|Any CPU
		{532C80AF-BD99-4AC4-B63B-6E94A7B26FCF}.Debug|x86.Build.0 = Debug|Any CPU
		{532C80AF-BD99-4AC4-B63B-6E94A7B26FCF}.Release|Any CPU.ActiveCfg = Release|Any CPU
		{532C80AF-BD99-4AC4-B63B-6E94A7B26FCF}.Release|Any CPU.Build.0 = Release|Any CPU
		{532C80AF-BD99-4AC4-B63B-6E94A7B26FCF}.Release|x64.ActiveCfg = Release|Any CPU
		{532C80AF-BD99-4AC4-B63B-6E94A7B26FCF}.Release|x64.Build.0 = Release|Any CPU
		{532C80AF-BD99-4AC4-B63B-6E94A7B26FCF}.Release|x86.ActiveCfg = Release|Any CPU
		{532C80AF-BD99-4AC4-B63B-6E94A7B26FCF}.Release|x86.Build.0 = Release|Any CPU
	EndGlobalSection
EndGlobal
